github.com/lordofscripts/go-roundrobin v0.0.0-20250921220136-9ada075dff01 h1:lU9SUE33kikmX734V1g5GlDSe59wdDD7phPj736lXGQ=
github.com/lordofscripts/go-roundrobin v0.0.0-20250921220136-9ada075dff01/go.mod h1:6lEAx7gvAB6y0ke7mtFbOWqPmWGYUFGe7Gce4Y5vgYc=
github.com/lordofscripts/go-roundrobin v1.3.1 h1:2tWE6oDfVmCPTkW9iY+uO3jiUUfmRiW1YElHKVyu8qA=
github.com/lordofscripts/go-roundrobin v1.3.1/go.mod h1:8A799ctvFqMxsAv4hKT5XPQAcOFsWXERFxEjFsHDM9Q=
github.com/pion/transport/v3 v3.0.7 h1:iRbMH05BzSNwhILHoBoAPxoB9xQgOaJk+591KC9P1o0=
github.com/pion/transport/v3 v3.0.7/go.mod h1:YleKiTZ4vqNxVwh77Z0zytYi7rXHl7j6uPLGhhz9rwo=
golang.org/x/text v0.22.0 h1:bofq7m3/HAFvbF51jz3Q9wLg3jkvSPuiZu/pD1XwgtM=
golang.org/x/text v0.22.0/go.mod h1:YRoo4H8PVmsu+E3Ou7cqLVH8oXWIHVoX0jqUWALQhfY=
